
Microsoft Visual Studio Solution File, Format Version 12.00
# Visual Studio Version 17
VisualStudioVersion = 17.4.33110.190
MinimumVisualStudioVersion = 10.0.40219.1
Project("{FAE04EC0-301F-11D3-BF4B-00C04F79EFBC}") = "5.2.2. method", "5.2.2. method\5.2.2. method.csproj", "{65C2AC4D-90CE-415B-A0FD-015A1112C565}"
EndProject
Global
	GlobalSection(SolutionConfigurationPlatforms) = preSolution
		Debug|Any CPU = Debug|Any CPU
		Release|Any CPU = Release|Any CPU
	EndGlobalSection
	GlobalSection(ProjectConfigurationPlatforms) = postSolution
		{65C2AC4D-90CE-415B-A0FD-015A1112C565}.Debug|Any CPU.ActiveCfg = Debug|Any CPU
		{65C2AC4D-90CE-415B-A0FD-015A1112C565}.Debug|Any CPU.Build.0 = Debug|Any CPU
		{65C2AC4D-90CE-415B-A0FD-015A1112C565}.Release|Any CPU.ActiveCfg = Release|Any CPU
		{65C2AC4D-90CE-415B-A0FD-015A1112C565}.Release|Any CPU.Build.0 = Release|Any CPU
	EndGlobalSection
	GlobalSection(SolutionProperties) = preSolution
		HideSolutionNode = FALSE
	EndGlobalSection
	GlobalSection(ExtensibilityGlobals) = postSolution
		SolutionGuid = {5B065E4C-46FD-4DA9-AC81-96A39D91500F}
	EndGlobalSection
EndGlobal
